{
    "_readme": [
        "This file locks the dependencies of your project to a known state",
        "Read more about it at http://getcomposer.org/doc/01-basic-usage.md#composer-lock-the-lock-file",
        "This file is @generated automatically"
    ],
    "hash": "cf28646c5af398db6772c1630a999ff6",
    "packages": [
        {
            "name": "ashur/huxtable",
            "version": "dev-master",
            "source": {
                "type": "git",
                "url": "git@github.com:ashur/huxtable.git",
                "reference": "5354d816e9da811a563f28ff4851ee45c2faf3ba"
            },
            "dist": {
                "type": "zip",
                "url": "https://api.github.com/repos/ashur/huxtable/zipball/5354d816e9da811a563f28ff4851ee45c2faf3ba",
                "reference": "5354d816e9da811a563f28ff4851ee45c2faf3ba",
                "shasum": ""
            },
            "require-dev": {
                "phpunit/phpunit": "4.0.*"
            },
            "type": "library",
            "autoload": {
                "psr-0": {
                    "Huxtable": "src/"
                }
            },
            "license": [
                "MIT"
            ],
            "authors": [
                {
                    "name": "Ashur Cabrera",
                    "email": "hello@cabreramade.co"
                }
            ],
            "description": "A command-line interface framework for PHP applications",
            "support": {
                "source": "https://github.com/ashur/huxtable/tree/master",
                "issues": "https://github.com/ashur/huxtable/issues"
            },
            "time": "2014-07-09 01:07:23"
        }
    ],
    "packages-dev": [

    ],
    "aliases": [

    ],
    "minimum-stability": "stable",
    "stability-flags": {
        "ashur/huxtable": 20
    },
    "prefer-stable": false,
    "platform": [

    ],
    "platform-dev": [

    ]
}
